// !$*UTF8*$!
{
	archiveVersion = 1;
	classes = {
	};
	objectVersion = 56;
	objects = {

/* Begin PBXBuildFile section */
		530986DD2ACC40C20068D4A2 /* MilhoApp.swift in Sources */ = {isa = PBXBuildFile; fileRef = 530986DC2ACC40C20068D4A2 /* MilhoApp.swift */; };
		530986E12ACC40C30068D4A2 /* Assets.xcassets in Resources */ = {isa = PBXBuildFile; fileRef = 530986E02ACC40C30068D4A2 /* Assets.xcassets */; };
		531663D02B177C7E0032AED1 /* ColorExtension.swift in Sources */ = {isa = PBXBuildFile; fileRef = 531663CF2B177C7E0032AED1 /* ColorExtension.swift */; };
		531663D62B177F180032AED1 /* LoadingImage.swift in Sources */ = {isa = PBXBuildFile; fileRef = 531663D52B177F180032AED1 /* LoadingImage.swift */; };
		531663D82B177F4D0032AED1 /* LoadingInfoView.swift in Sources */ = {isa = PBXBuildFile; fileRef = 531663D72B177F4D0032AED1 /* LoadingInfoView.swift */; };
		531663DA2B177F6F0032AED1 /* LoadingItemCell.swift in Sources */ = {isa = PBXBuildFile; fileRef = 531663D92B177F6F0032AED1 /* LoadingItemCell.swift */; };
		531663DC2B177FC50032AED1 /* LoadingResultsView.swift in Sources */ = {isa = PBXBuildFile; fileRef = 531663DB2B177FC50032AED1 /* LoadingResultsView.swift */; };
		531663E22B1780D70032AED1 /* ColorPaletteModel.swift in Sources */ = {isa = PBXBuildFile; fileRef = 531663E12B1780D70032AED1 /* ColorPaletteModel.swift */; };
		531663E42B1781290032AED1 /* AnalyzingImageView.swift in Sources */ = {isa = PBXBuildFile; fileRef = 531663E32B1781290032AED1 /* AnalyzingImageView.swift */; };
		531663E62B1781530032AED1 /* ColorAnalysis.swift in Sources */ = {isa = PBXBuildFile; fileRef = 531663E52B1781530032AED1 /* ColorAnalysis.swift */; };
		531663E82B17819B0032AED1 /* ColorsGridCell.swift in Sources */ = {isa = PBXBuildFile; fileRef = 531663E72B17819B0032AED1 /* ColorsGridCell.swift */; };
		531663EA2B1781D60032AED1 /* NegativeFeedbackView.swift in Sources */ = {isa = PBXBuildFile; fileRef = 531663E92B1781D60032AED1 /* NegativeFeedbackView.swift */; };
		531663EC2B1782470032AED1 /* PositiveFeedbackView.swift in Sources */ = {isa = PBXBuildFile; fileRef = 531663EB2B1782470032AED1 /* PositiveFeedbackView.swift */; };
		531663EE2B1783280032AED1 /* ResultsListView.swift in Sources */ = {isa = PBXBuildFile; fileRef = 531663ED2B1783280032AED1 /* ResultsListView.swift */; };
		531663F02B1783640032AED1 /* ResultsView.swift in Sources */ = {isa = PBXBuildFile; fileRef = 531663EF2B1783640032AED1 /* ResultsView.swift */; };
		531663F62B1785080032AED1 /* CameraDataModel.swift in Sources */ = {isa = PBXBuildFile; fileRef = 531663F52B1785080032AED1 /* CameraDataModel.swift */; };
		531663F82B17855C0032AED1 /* FaceImageQuality.swift in Sources */ = {isa = PBXBuildFile; fileRef = 531663F72B17855C0032AED1 /* FaceImageQuality.swift */; };
		531663FE2B18A7EA0032AED1 /* ImageAnalysisViewModel.swift in Sources */ = {isa = PBXBuildFile; fileRef = 531663FD2B18A7EA0032AED1 /* ImageAnalysisViewModel.swift */; };
		533B12E02AE694ED00485B67 /* ImageSegmentation.swift in Sources */ = {isa = PBXBuildFile; fileRef = 533B12DF2AE694ED00485B67 /* ImageSegmentation.swift */; };
		533B12E32AE6968200485B67 /* UIimage+extension.swift in Sources */ = {isa = PBXBuildFile; fileRef = 533B12E22AE6968200485B67 /* UIimage+extension.swift */; };
		A31111FA2AF27CD1004B25F8 /* OnboardingData.swift in Sources */ = {isa = PBXBuildFile; fileRef = A31111F92AF27CD1004B25F8 /* OnboardingData.swift */; };
		A31111FC2AF2833A004B25F8 /* PersonalColoringOnboardingView.swift in Sources */ = {isa = PBXBuildFile; fileRef = A31111FB2AF2833A004B25F8 /* PersonalColoringOnboardingView.swift */; };
		A31111FE2AF283D8004B25F8 /* PersonalColoringView.swift in Sources */ = {isa = PBXBuildFile; fileRef = A31111FD2AF283D8004B25F8 /* PersonalColoringView.swift */; };
		A31112002AF286C4004B25F8 /* TabBarView.swift in Sources */ = {isa = PBXBuildFile; fileRef = A31111FF2AF286C4004B25F8 /* TabBarView.swift */; };
		A31112022AF2F566004B25F8 /* PersonalColorTestChooserView.swift in Sources */ = {isa = PBXBuildFile; fileRef = A31112012AF2F566004B25F8 /* PersonalColorTestChooserView.swift */; };
		A31112042AF2F642004B25F8 /* PersonalColoringTabItem.swift in Sources */ = {isa = PBXBuildFile; fileRef = A31112032AF2F642004B25F8 /* PersonalColoringTabItem.swift */; };
		BDC19B6E2AEAAFE200FA74F7 /* ImageTypeViewModel.swift in Sources */ = {isa = PBXBuildFile; fileRef = BDC19B6D2AEAAFE200FA74F7 /* ImageTypeViewModel.swift */; };
		BDC19B722AEAB05A00FA74F7 /* InitialSelectionButton.swift in Sources */ = {isa = PBXBuildFile; fileRef = BDC19B712AEAB05A00FA74F7 /* InitialSelectionButton.swift */; };
		BDC19B742AEAB07D00FA74F7 /* ImageTypeSelection.swift in Sources */ = {isa = PBXBuildFile; fileRef = BDC19B732AEAB07D00FA74F7 /* ImageTypeSelection.swift */; };
		BDC19B762AEAB0A100FA74F7 /* ImagePicker.swift in Sources */ = {isa = PBXBuildFile; fileRef = BDC19B752AEAB0A100FA74F7 /* ImagePicker.swift */; };
/* End PBXBuildFile section */

/* Begin PBXFileReference section */
		530986D92ACC40C20068D4A2 /* Milho.app */ = {isa = PBXFileReference; explicitFileType = wrapper.application; includeInIndex = 0; path = Milho.app; sourceTree = BUILT_PRODUCTS_DIR; };
		530986DC2ACC40C20068D4A2 /* MilhoApp.swift */ = {isa = PBXFileReference; lastKnownFileType = sourcecode.swift; path = MilhoApp.swift; sourceTree = "<group>"; };
		530986E02ACC40C30068D4A2 /* Assets.xcassets */ = {isa = PBXFileReference; lastKnownFileType = folder.assetcatalog; path = Assets.xcassets; sourceTree = "<group>"; };
		531663CF2B177C7E0032AED1 /* ColorExtension.swift */ = {isa = PBXFileReference; lastKnownFileType = sourcecode.swift; path = ColorExtension.swift; sourceTree = "<group>"; };
		531663D52B177F180032AED1 /* LoadingImage.swift */ = {isa = PBXFileReference; lastKnownFileType = sourcecode.swift; path = LoadingImage.swift; sourceTree = "<group>"; };
		531663D72B177F4D0032AED1 /* LoadingInfoView.swift */ = {isa = PBXFileReference; lastKnownFileType = sourcecode.swift; path = LoadingInfoView.swift; sourceTree = "<group>"; };
		531663D92B177F6F0032AED1 /* LoadingItemCell.swift */ = {isa = PBXFileReference; lastKnownFileType = sourcecode.swift; path = LoadingItemCell.swift; sourceTree = "<group>"; };
		531663DB2B177FC50032AED1 /* LoadingResultsView.swift */ = {isa = PBXFileReference; lastKnownFileType = sourcecode.swift; path = LoadingResultsView.swift; sourceTree = "<group>"; };
		531663E12B1780D70032AED1 /* ColorPaletteModel.swift */ = {isa = PBXFileReference; lastKnownFileType = sourcecode.swift; path = ColorPaletteModel.swift; sourceTree = "<group>"; };
		531663E32B1781290032AED1 /* AnalyzingImageView.swift */ = {isa = PBXFileReference; lastKnownFileType = sourcecode.swift; path = AnalyzingImageView.swift; sourceTree = "<group>"; };
		531663E52B1781530032AED1 /* ColorAnalysis.swift */ = {isa = PBXFileReference; lastKnownFileType = sourcecode.swift; path = ColorAnalysis.swift; sourceTree = "<group>"; };
		531663E72B17819B0032AED1 /* ColorsGridCell.swift */ = {isa = PBXFileReference; lastKnownFileType = sourcecode.swift; path = ColorsGridCell.swift; sourceTree = "<group>"; };
		531663E92B1781D60032AED1 /* NegativeFeedbackView.swift */ = {isa = PBXFileReference; lastKnownFileType = sourcecode.swift; path = NegativeFeedbackView.swift; sourceTree = "<group>"; };
		531663EB2B1782470032AED1 /* PositiveFeedbackView.swift */ = {isa = PBXFileReference; lastKnownFileType = sourcecode.swift; path = PositiveFeedbackView.swift; sourceTree = "<group>"; };
		531663ED2B1783280032AED1 /* ResultsListView.swift */ = {isa = PBXFileReference; lastKnownFileType = sourcecode.swift; path = ResultsListView.swift; sourceTree = "<group>"; };
		531663EF2B1783640032AED1 /* ResultsView.swift */ = {isa = PBXFileReference; lastKnownFileType = sourcecode.swift; path = ResultsView.swift; sourceTree = "<group>"; };
		531663F52B1785080032AED1 /* CameraDataModel.swift */ = {isa = PBXFileReference; lastKnownFileType = sourcecode.swift; path = CameraDataModel.swift; sourceTree = "<group>"; };
		531663F72B17855C0032AED1 /* FaceImageQuality.swift */ = {isa = PBXFileReference; lastKnownFileType = sourcecode.swift; path = FaceImageQuality.swift; sourceTree = "<group>"; };
		531663FD2B18A7EA0032AED1 /* ImageAnalysisViewModel.swift */ = {isa = PBXFileReference; lastKnownFileType = sourcecode.swift; path = ImageAnalysisViewModel.swift; sourceTree = "<group>"; };
		533B12DF2AE694ED00485B67 /* ImageSegmentation.swift */ = {isa = PBXFileReference; lastKnownFileType = sourcecode.swift; path = ImageSegmentation.swift; sourceTree = "<group>"; };
		533B12E22AE6968200485B67 /* UIimage+extension.swift */ = {isa = PBXFileReference; lastKnownFileType = sourcecode.swift; path = "UIimage+extension.swift"; sourceTree = "<group>"; };
		A31111F92AF27CD1004B25F8 /* OnboardingData.swift */ = {isa = PBXFileReference; lastKnownFileType = sourcecode.swift; path = OnboardingData.swift; sourceTree = "<group>"; };
		A31111FB2AF2833A004B25F8 /* PersonalColoringOnboardingView.swift */ = {isa = PBXFileReference; lastKnownFileType = sourcecode.swift; path = PersonalColoringOnboardingView.swift; sourceTree = "<group>"; };
		A31111FD2AF283D8004B25F8 /* PersonalColoringView.swift */ = {isa = PBXFileReference; lastKnownFileType = sourcecode.swift; path = PersonalColoringView.swift; sourceTree = "<group>"; };
		A31111FF2AF286C4004B25F8 /* TabBarView.swift */ = {isa = PBXFileReference; lastKnownFileType = sourcecode.swift; path = TabBarView.swift; sourceTree = "<group>"; };
		A31112012AF2F566004B25F8 /* PersonalColorTestChooserView.swift */ = {isa = PBXFileReference; lastKnownFileType = sourcecode.swift; path = PersonalColorTestChooserView.swift; sourceTree = "<group>"; };
		A31112032AF2F642004B25F8 /* PersonalColoringTabItem.swift */ = {isa = PBXFileReference; lastKnownFileType = sourcecode.swift; path = PersonalColoringTabItem.swift; sourceTree = "<group>"; };
		A37DDDC72AF9178100ADE49C /* Info.plist */ = {isa = PBXFileReference; lastKnownFileType = text.plist; path = Info.plist; sourceTree = "<group>"; };
		BDC19B6D2AEAAFE200FA74F7 /* ImageTypeViewModel.swift */ = {isa = PBXFileReference; lastKnownFileType = sourcecode.swift; path = ImageTypeViewModel.swift; sourceTree = "<group>"; };
		BDC19B712AEAB05A00FA74F7 /* InitialSelectionButton.swift */ = {isa = PBXFileReference; lastKnownFileType = sourcecode.swift; path = InitialSelectionButton.swift; sourceTree = "<group>"; };
		BDC19B732AEAB07D00FA74F7 /* ImageTypeSelection.swift */ = {isa = PBXFileReference; lastKnownFileType = sourcecode.swift; path = ImageTypeSelection.swift; sourceTree = "<group>"; };
		BDC19B752AEAB0A100FA74F7 /* ImagePicker.swift */ = {isa = PBXFileReference; lastKnownFileType = sourcecode.swift; path = ImagePicker.swift; sourceTree = "<group>"; };
/* End PBXFileReference section */

/* Begin PBXFrameworksBuildPhase section */
		530986D62ACC40C20068D4A2 /* Frameworks */ = {
			isa = PBXFrameworksBuildPhase;
			buildActionMask = 2147483647;
			files = (
			);
			runOnlyForDeploymentPostprocessing = 0;
		};
/* End PBXFrameworksBuildPhase section */

/* Begin PBXGroup section */
		530986D02ACC40C20068D4A2 = {
			isa = PBXGroup;
			children = (
				530986DB2ACC40C20068D4A2 /* Milho */,
				530986DA2ACC40C20068D4A2 /* Products */,
			);
			sourceTree = "<group>";
		};
		530986DA2ACC40C20068D4A2 /* Products */ = {
			isa = PBXGroup;
			children = (
				530986D92ACC40C20068D4A2 /* Milho.app */,
			);
			name = Products;
			sourceTree = "<group>";
		};
		530986DB2ACC40C20068D4A2 /* Milho */ = {
			isa = PBXGroup;
			children = (
				A37DDDC72AF9178100ADE49C /* Info.plist */,
				530986DC2ACC40C20068D4A2 /* MilhoApp.swift */,
				531663D12B177D7E0032AED1 /* LoadingScreen */,
				531663DD2B1780660032AED1 /* Results */,
				531663F12B1784C20032AED1 /* PersonaColoring */,
				531663F92B1787860032AED1 /* Onboarding */,
				53E6E49F2ACC50D3007CF1F8 /* View */,
				533B12E12AE6965300485B67 /* Extensions */,
				530986E02ACC40C30068D4A2 /* Assets.xcassets */,
				530986E22ACC40C30068D4A2 /* Preview Content */,
			);
			path = Milho;
			sourceTree = "<group>";
		};
		530986E22ACC40C30068D4A2 /* Preview Content */ = {
			isa = PBXGroup;
			children = (
			);
			path = "Preview Content";
			sourceTree = "<group>";
		};
		531663D12B177D7E0032AED1 /* LoadingScreen */ = {
			isa = PBXGroup;
			children = (
				531663D22B177DEE0032AED1 /* View */,
			);
			path = LoadingScreen;
			sourceTree = "<group>";
		};
		531663D22B177DEE0032AED1 /* View */ = {
			isa = PBXGroup;
			children = (
				531663D52B177F180032AED1 /* LoadingImage.swift */,
				531663D72B177F4D0032AED1 /* LoadingInfoView.swift */,
				531663D92B177F6F0032AED1 /* LoadingItemCell.swift */,
				531663DB2B177FC50032AED1 /* LoadingResultsView.swift */,
			);
			path = View;
			sourceTree = "<group>";
		};
		531663DD2B1780660032AED1 /* Results */ = {
			isa = PBXGroup;
			children = (
				531663DE2B17808F0032AED1 /* Model */,
				531663DF2B1780A80032AED1 /* View */,
				531663E02B1780AD0032AED1 /* ViewModel */,
			);
			path = Results;
			sourceTree = "<group>";
		};
		531663DE2B17808F0032AED1 /* Model */ = {
			isa = PBXGroup;
			children = (
				531663E12B1780D70032AED1 /* ColorPaletteModel.swift */,
			);
			path = Model;
			sourceTree = "<group>";
		};
		531663DF2B1780A80032AED1 /* View */ = {
			isa = PBXGroup;
			children = (
				531663E32B1781290032AED1 /* AnalyzingImageView.swift */,
				531663E72B17819B0032AED1 /* ColorsGridCell.swift */,
				531663E92B1781D60032AED1 /* NegativeFeedbackView.swift */,
				531663EB2B1782470032AED1 /* PositiveFeedbackView.swift */,
				531663ED2B1783280032AED1 /* ResultsListView.swift */,
				531663EF2B1783640032AED1 /* ResultsView.swift */,
			);
			path = View;
			sourceTree = "<group>";
		};
		531663E02B1780AD0032AED1 /* ViewModel */ = {
			isa = PBXGroup;
			children = (
				531663E52B1781530032AED1 /* ColorAnalysis.swift */,
				531663FD2B18A7EA0032AED1 /* ImageAnalysisViewModel.swift */,
			);
			path = ViewModel;
			sourceTree = "<group>";
		};
		531663F12B1784C20032AED1 /* PersonaColoring */ = {
			isa = PBXGroup;
			children = (
				531663F42B1784EF0032AED1 /* Model */,
				531663F32B1784E70032AED1 /* ViewModel */,
				531663F22B1784D90032AED1 /* View */,
			);
			path = PersonaColoring;
			sourceTree = "<group>";
		};
		531663F22B1784D90032AED1 /* View */ = {
			isa = PBXGroup;
			children = (
				BDC19B752AEAB0A100FA74F7 /* ImagePicker.swift */,
				BDC19B732AEAB07D00FA74F7 /* ImageTypeSelection.swift */,
				BDC19B712AEAB05A00FA74F7 /* InitialSelectionButton.swift */,
				A31112012AF2F566004B25F8 /* PersonalColorTestChooserView.swift */,
				A31112032AF2F642004B25F8 /* PersonalColoringTabItem.swift */,
				A31111FF2AF286C4004B25F8 /* TabBarView.swift */,
			);
			path = View;
			sourceTree = "<group>";
		};
		531663F32B1784E70032AED1 /* ViewModel */ = {
			isa = PBXGroup;
			children = (
				BDC19B6D2AEAAFE200FA74F7 /* ImageTypeViewModel.swift */,
				531663F72B17855C0032AED1 /* FaceImageQuality.swift */,
				533B12DF2AE694ED00485B67 /* ImageSegmentation.swift */,
			);
			path = ViewModel;
			sourceTree = "<group>";
		};
		531663F42B1784EF0032AED1 /* Model */ = {
			isa = PBXGroup;
			children = (
				531663F52B1785080032AED1 /* CameraDataModel.swift */,
			);
			path = Model;
			sourceTree = "<group>";
		};
		531663F92B1787860032AED1 /* Onboarding */ = {
			isa = PBXGroup;
			children = (
				531663FC2B1787C00032AED1 /* Model */,
				531663FA2B1787B30032AED1 /* View */,
			);
			path = Onboarding;
			sourceTree = "<group>";
		};
		531663FA2B1787B30032AED1 /* View */ = {
			isa = PBXGroup;
			children = (
				A31111FB2AF2833A004B25F8 /* PersonalColoringOnboardingView.swift */,
				A31111FD2AF283D8004B25F8 /* PersonalColoringView.swift */,
			);
			path = View;
			sourceTree = "<group>";
		};
		531663FC2B1787C00032AED1 /* Model */ = {
			isa = PBXGroup;
			children = (
				A31111F92AF27CD1004B25F8 /* OnboardingData.swift */,
			);
			path = Model;
			sourceTree = "<group>";
		};
		533B12E12AE6965300485B67 /* Extensions */ = {
			isa = PBXGroup;
			children = (
				533B12E22AE6968200485B67 /* UIimage+extension.swift */,
				531663CF2B177C7E0032AED1 /* ColorExtension.swift */,
			);
			path = Extensions;
			sourceTree = "<group>";
		};
		53E6E49F2ACC50D3007CF1F8 /* View */ = {
			isa = PBXGroup;
			children = (
			);
			path = View;
			sourceTree = "<group>";
		};
/* End PBXGroup section */

/* Begin PBXNativeTarget section */
		530986D82ACC40C20068D4A2 /* Milho */ = {
			isa = PBXNativeTarget;
			buildConfigurationList = 530986E72ACC40C30068D4A2 /* Build configuration list for PBXNativeTarget "Milho" */;
			buildPhases = (
				530986D52ACC40C20068D4A2 /* Sources */,
				530986D62ACC40C20068D4A2 /* Frameworks */,
				530986D72ACC40C20068D4A2 /* Resources */,
			);
			buildRules = (
			);
			dependencies = (
			);
			name = Milho;
			packageProductDependencies = (
			);
			productName = Milho;
			productReference = 530986D92ACC40C20068D4A2 /* Milho.app */;
			productType = "com.apple.product-type.application";
		};
/* End PBXNativeTarget section */

/* Begin PBXProject section */
		530986D12ACC40C20068D4A2 /* Project object */ = {
			isa = PBXProject;
			attributes = {
				BuildIndependentTargetsInParallel = 1;
				LastSwiftUpdateCheck = 1500;
				LastUpgradeCheck = 1500;
				TargetAttributes = {
					530986D82ACC40C20068D4A2 = {
						CreatedOnToolsVersion = 15.0;
					};
				};
			};
			buildConfigurationList = 530986D42ACC40C20068D4A2 /* Build configuration list for PBXProject "Milho" */;
			compatibilityVersion = "Xcode 14.0";
			developmentRegion = en;
			hasScannedForEncodings = 0;
			knownRegions = (
				en,
				Base,
			);
			mainGroup = 530986D02ACC40C20068D4A2;
			packageReferences = (
			);
			productRefGroup = 530986DA2ACC40C20068D4A2 /* Products */;
			projectDirPath = "";
			projectRoot = "";
			targets = (
				530986D82ACC40C20068D4A2 /* Milho */,
			);
		};
/* End PBXProject section */

/* Begin PBXResourcesBuildPhase section */
		530986D72ACC40C20068D4A2 /* Resources */ = {
			isa = PBXResourcesBuildPhase;
			buildActionMask = 2147483647;
			files = (
				530986E12ACC40C30068D4A2 /* Assets.xcassets in Resources */,
			);
			runOnlyForDeploymentPostprocessing = 0;
		};
/* End PBXResourcesBuildPhase section */

/* Begin PBXSourcesBuildPhase section */
		530986D52ACC40C20068D4A2 /* Sources */ = {
			isa = PBXSourcesBuildPhase;
			buildActionMask = 2147483647;
			files = (
				BDC19B742AEAB07D00FA74F7 /* ImageTypeSelection.swift in Sources */,
				531663E62B1781530032AED1 /* ColorAnalysis.swift in Sources */,
				531663DC2B177FC50032AED1 /* LoadingResultsView.swift in Sources */,
				531663E82B17819B0032AED1 /* ColorsGridCell.swift in Sources */,
				531663F82B17855C0032AED1 /* FaceImageQuality.swift in Sources */,
				531663DA2B177F6F0032AED1 /* LoadingItemCell.swift in Sources */,
				531663D02B177C7E0032AED1 /* ColorExtension.swift in Sources */,
				A31111FA2AF27CD1004B25F8 /* OnboardingData.swift in Sources */,
				A31112002AF286C4004B25F8 /* TabBarView.swift in Sources */,
				BDC19B6E2AEAAFE200FA74F7 /* ImageTypeViewModel.swift in Sources */,
				531663EA2B1781D60032AED1 /* NegativeFeedbackView.swift in Sources */,
				531663F62B1785080032AED1 /* CameraDataModel.swift in Sources */,
				531663F02B1783640032AED1 /* ResultsView.swift in Sources */,
				531663E42B1781290032AED1 /* AnalyzingImageView.swift in Sources */,
				BDC19B722AEAB05A00FA74F7 /* InitialSelectionButton.swift in Sources */,
				531663EC2B1782470032AED1 /* PositiveFeedbackView.swift in Sources */,
				531663FE2B18A7EA0032AED1 /* ImageAnalysisViewModel.swift in Sources */,
				533B12E02AE694ED00485B67 /* ImageSegmentation.swift in Sources */,
				533B12E32AE6968200485B67 /* UIimage+extension.swift in Sources */,
				BDC19B762AEAB0A100FA74F7 /* ImagePicker.swift in Sources */,
				531663E22B1780D70032AED1 /* ColorPaletteModel.swift in Sources */,
				531663D82B177F4D0032AED1 /* LoadingInfoView.swift in Sources */,
				A31111FE2AF283D8004B25F8 /* PersonalColoringView.swift in Sources */,
				A31111FC2AF2833A004B25F8 /* PersonalColoringOnboardingView.swift in Sources */,
				531663D62B177F180032AED1 /* LoadingImage.swift in Sources */,
				A31112022AF2F566004B25F8 /* PersonalColorTestChooserView.swift in Sources */,
				530986DD2ACC40C20068D4A2 /* MilhoApp.swift in Sources */,
				531663EE2B1783280032AED1 /* ResultsListView.swift in Sources */,
				A31112042AF2F642004B25F8 /* PersonalColoringTabItem.swift in Sources */,
			);
			runOnlyForDeploymentPostprocessing = 0;
		};
/* End PBXSourcesBuildPhase section */

/* Begin XCBuildConfiguration section */
		530986E52ACC40C30068D4A2 /* Debug */ = {
			isa = XCBuildConfiguration;
			buildSettings = {
				ALWAYS_SEARCH_USER_PATHS = NO;
				ASSETCATALOG_COMPILER_GENERATE_SWIFT_ASSET_SYMBOL_EXTENSIONS = YES;
				CLANG_ANALYZER_NONNULL = YES;
				CLANG_ANALYZER_NUMBER_OBJECT_CONVERSION = YES_AGGRESSIVE;
				CLANG_CXX_LANGUAGE_STANDARD = "gnu++20";
				CLANG_ENABLE_MODULES = YES;
				CLANG_ENABLE_OBJC_ARC = YES;
				CLANG_ENABLE_OBJC_WEAK = YES;
				CLANG_WARN_BLOCK_CAPTURE_AUTORELEASING = YES;
				CLANG_WARN_BOOL_CONVERSION = YES;
				CLANG_WARN_COMMA = YES;
				CLANG_WARN_CONSTANT_CONVERSION = YES;
				CLANG_WARN_DEPRECATED_OBJC_IMPLEMENTATIONS = YES;
				CLANG_WARN_DIRECT_OBJC_ISA_USAGE = YES_ERROR;
				CLANG_WARN_DOCUMENTATION_COMMENTS = YES;
				CLANG_WARN_EMPTY_BODY = YES;
				CLANG_WARN_ENUM_CONVERSION = YES;
				CLANG_WARN_INFINITE_RECURSION = YES;
				CLANG_WARN_INT_CONVERSION = YES;
				CLANG_WARN_NON_LITERAL_NULL_CONVERSION = YES;
				CLANG_WARN_OBJC_IMPLICIT_RETAIN_SELF = YES;
				CLANG_WARN_OBJC_LITERAL_CONVERSION = YES;
				CLANG_WARN_OBJC_ROOT_CLASS = YES_ERROR;
				CLANG_WARN_QUOTED_INCLUDE_IN_FRAMEWORK_HEADER = YES;
				CLANG_WARN_RANGE_LOOP_ANALYSIS = YES;
				CLANG_WARN_STRICT_PROTOTYPES = YES;
				CLANG_WARN_SUSPICIOUS_MOVE = YES;
				CLANG_WARN_UNGUARDED_AVAILABILITY = YES_AGGRESSIVE;
				CLANG_WARN_UNREACHABLE_CODE = YES;
				CLANG_WARN__DUPLICATE_METHOD_MATCH = YES;
				COPY_PHASE_STRIP = NO;
				DEBUG_INFORMATION_FORMAT = dwarf;
				ENABLE_STRICT_OBJC_MSGSEND = YES;
				ENABLE_TESTABILITY = YES;
				ENABLE_USER_SCRIPT_SANDBOXING = YES;
				GCC_C_LANGUAGE_STANDARD = gnu17;
				GCC_DYNAMIC_NO_PIC = NO;
				GCC_NO_COMMON_BLOCKS = YES;
				GCC_OPTIMIZATION_LEVEL = 0;
				GCC_PREPROCESSOR_DEFINITIONS = (
					"DEBUG=1",
					"$(inherited)",
				);
				GCC_WARN_64_TO_32_BIT_CONVERSION = YES;
				GCC_WARN_ABOUT_RETURN_TYPE = YES_ERROR;
				GCC_WARN_UNDECLARED_SELECTOR = YES;
				GCC_WARN_UNINITIALIZED_AUTOS = YES_AGGRESSIVE;
				GCC_WARN_UNUSED_FUNCTION = YES;
				GCC_WARN_UNUSED_VARIABLE = YES;
				IPHONEOS_DEPLOYMENT_TARGET = 17.0;
				LOCALIZATION_PREFERS_STRING_CATALOGS = YES;
				MTL_ENABLE_DEBUG_INFO = INCLUDE_SOURCE;
				MTL_FAST_MATH = YES;
				ONLY_ACTIVE_ARCH = YES;
				SDKROOT = iphoneos;
				SWIFT_ACTIVE_COMPILATION_CONDITIONS = "DEBUG $(inherited)";
				SWIFT_OPTIMIZATION_LEVEL = "-Onone";
			};
			name = Debug;
		};
		530986E62ACC40C30068D4A2 /* Release */ = {
			isa = XCBuildConfiguration;
			buildSettings = {
				ALWAYS_SEARCH_USER_PATHS = NO;
				ASSETCATALOG_COMPILER_GENERATE_SWIFT_ASSET_SYMBOL_EXTENSIONS = YES;
				CLANG_ANALYZER_NONNULL = YES;
				CLANG_ANALYZER_NUMBER_OBJECT_CONVERSION = YES_AGGRESSIVE;
				CLANG_CXX_LANGUAGE_STANDARD = "gnu++20";
				CLANG_ENABLE_MODULES = YES;
				CLANG_ENABLE_OBJC_ARC = YES;
				CLANG_ENABLE_OBJC_WEAK = YES;
				CLANG_WARN_BLOCK_CAPTURE_AUTORELEASING = YES;
				CLANG_WARN_BOOL_CONVERSION = YES;
				CLANG_WARN_COMMA = YES;
				CLANG_WARN_CONSTANT_CONVERSION = YES;
				CLANG_WARN_DEPRECATED_OBJC_IMPLEMENTATIONS = YES;
				CLANG_WARN_DIRECT_OBJC_ISA_USAGE = YES_ERROR;
				CLANG_WARN_DOCUMENTATION_COMMENTS = YES;
				CLANG_WARN_EMPTY_BODY = YES;
				CLANG_WARN_ENUM_CONVERSION = YES;
				CLANG_WARN_INFINITE_RECURSION = YES;
				CLANG_WARN_INT_CONVERSION = YES;
				CLANG_WARN_NON_LITERAL_NULL_CONVERSION = YES;
				CLANG_WARN_OBJC_IMPLICIT_RETAIN_SELF = YES;
				CLANG_WARN_OBJC_LITERAL_CONVERSION = YES;
				CLANG_WARN_OBJC_ROOT_CLASS = YES_ERROR;
				CLANG_WARN_QUOTED_INCLUDE_IN_FRAMEWORK_HEADER = YES;
				CLANG_WARN_RANGE_LOOP_ANALYSIS = YES;
				CLANG_WARN_STRICT_PROTOTYPES = YES;
				CLANG_WARN_SUSPICIOUS_MOVE = YES;
				CLANG_WARN_UNGUARDED_AVAILABILITY = YES_AGGRESSIVE;
				CLANG_WARN_UNREACHABLE_CODE = YES;
				CLANG_WARN__DUPLICATE_METHOD_MATCH = YES;
				COPY_PHASE_STRIP = NO;
				DEBUG_INFORMATION_FORMAT = "dwarf-with-dsym";
				ENABLE_NS_ASSERTIONS = NO;
				ENABLE_STRICT_OBJC_MSGSEND = YES;
				ENABLE_USER_SCRIPT_SANDBOXING = YES;
				GCC_C_LANGUAGE_STANDARD = gnu17;
				GCC_NO_COMMON_BLOCKS = YES;
				GCC_WARN_64_TO_32_BIT_CONVERSION = YES;
				GCC_WARN_ABOUT_RETURN_TYPE = YES_ERROR;
				GCC_WARN_UNDECLARED_SELECTOR = YES;
				GCC_WARN_UNINITIALIZED_AUTOS = YES_AGGRESSIVE;
				GCC_WARN_UNUSED_FUNCTION = YES;
				GCC_WARN_UNUSED_VARIABLE = YES;
				IPHONEOS_DEPLOYMENT_TARGET = 17.0;
				LOCALIZATION_PREFERS_STRING_CATALOGS = YES;
				MTL_ENABLE_DEBUG_INFO = NO;
				MTL_FAST_MATH = YES;
				SDKROOT = iphoneos;
				SWIFT_COMPILATION_MODE = wholemodule;
				VALIDATE_PRODUCT = YES;
			};
			name = Release;
		};
		530986E82ACC40C30068D4A2 /* Debug */ = {
			isa = XCBuildConfiguration;
			buildSettings = {
				ASSETCATALOG_COMPILER_APPICON_NAME = AppIcon;
				ASSETCATALOG_COMPILER_GLOBAL_ACCENT_COLOR_NAME = AccentColor;
				ASSETCATALOG_COMPILER_INCLUDE_ALL_APPICON_ASSETS = YES;
				CODE_SIGN_STYLE = Automatic;
				CURRENT_PROJECT_VERSION = 1;
				DEVELOPMENT_ASSET_PATHS = "\"Milho/Preview Content\"";
				DEVELOPMENT_TEAM = J3D6H27WWS;
				ENABLE_PREVIEWS = YES;
				GENERATE_INFOPLIST_FILE = YES;
				INFOPLIST_FILE = Milho/Info.plist;
				INFOPLIST_KEY_CFBundleDisplayName = forHue;
				INFOPLIST_KEY_LSApplicationCategoryType = "public.app-category.lifestyle";
				INFOPLIST_KEY_NSCameraUsageDescription = "The application needs to use your camera, in order to take pictures for the profile page";
				INFOPLIST_KEY_UIApplicationSceneManifest_Generation = YES;
				INFOPLIST_KEY_UIApplicationSupportsIndirectInputEvents = YES;
				INFOPLIST_KEY_UILaunchScreen_Generation = YES;
				INFOPLIST_KEY_UIStatusBarStyle = "";
				INFOPLIST_KEY_UISupportedInterfaceOrientations = UIInterfaceOrientationPortrait;
				INFOPLIST_KEY_UISupportedInterfaceOrientations_iPad = "UIInterfaceOrientationLandscapeLeft UIInterfaceOrientationLandscapeRight UIInterfaceOrientationPortrait UIInterfaceOrientationPortraitUpsideDown";
				IPHONEOS_DEPLOYMENT_TARGET = 17.0;
				LD_RUNPATH_SEARCH_PATHS = (
					"$(inherited)",
					"@executable_path/Frameworks",
				);
				MARKETING_VERSION = 0.2.1;
				PRODUCT_BUNDLE_IDENTIFIER = com.rafachinelatto.forHue;
				PRODUCT_NAME = "$(TARGET_NAME)";
				SUPPORTED_PLATFORMS = "iphoneos iphonesimulator";
				SUPPORTS_MACCATALYST = NO;
				SUPPORTS_MAC_DESIGNED_FOR_IPHONE_IPAD = NO;
				SWIFT_EMIT_LOC_STRINGS = YES;
				SWIFT_VERSION = 5.0;
				TARGETED_DEVICE_FAMILY = 1;
			};
			name = Debug;
		};
		530986E92ACC40C30068D4A2 /* Release */ = {
			isa = XCBuildConfiguration;
			buildSettings = {
				ASSETCATALOG_COMPILER_APPICON_NAME = AppIcon;
				ASSETCATALOG_COMPILER_GLOBAL_ACCENT_COLOR_NAME = AccentColor;
				ASSETCATALOG_COMPILER_INCLUDE_ALL_APPICON_ASSETS = YES;
				CODE_SIGN_STYLE = Automatic;
				CURRENT_PROJECT_VERSION = 1;
				DEVELOPMENT_ASSET_PATHS = "\"Milho/Preview Content\"";
				DEVELOPMENT_TEAM = J3D6H27WWS;
				ENABLE_PREVIEWS = YES;
				GENERATE_INFOPLIST_FILE = YES;
				INFOPLIST_FILE = Milho/Info.plist;
				INFOPLIST_KEY_CFBundleDisplayName = forHue;
				INFOPLIST_KEY_LSApplicationCategoryType = "public.app-category.lifestyle";
				INFOPLIST_KEY_NSCameraUsageDescription = "The application needs to use your camera, in order to take pictures for the profile page";
				INFOPLIST_KEY_UIApplicationSceneManifest_Generation = YES;
				INFOPLIST_KEY_UIApplicationSupportsIndirectInputEvents = YES;
				INFOPLIST_KEY_UILaunchScreen_Generation = YES;
				INFOPLIST_KEY_UIStatusBarStyle = "";
				INFOPLIST_KEY_UISupportedInterfaceOrientations = UIInterfaceOrientationPortrait;
				INFOPLIST_KEY_UISupportedInterfaceOrientations_iPad = "UIInterfaceOrientationLandscapeLeft UIInterfaceOrientationLandscapeRight UIInterfaceOrientationPortrait UIInterfaceOrientationPortraitUpsideDown";
				IPHONEOS_DEPLOYMENT_TARGET = 17.0;
				LD_RUNPATH_SEARCH_PATHS = (
					"$(inherited)",
					"@executable_path/Frameworks",
				);
				MARKETING_VERSION = 0.2.1;
				PRODUCT_BUNDLE_IDENTIFIER = com.rafachinelatto.forHue;
				PRODUCT_NAME = "$(TARGET_NAME)";
				SUPPORTED_PLATFORMS = "iphoneos iphonesimulator";
				SUPPORTS_MACCATALYST = NO;
				SUPPORTS_MAC_DESIGNED_FOR_IPHONE_IPAD = NO;
				SWIFT_EMIT_LOC_STRINGS = YES;
				SWIFT_VERSION = 5.0;
				TARGETED_DEVICE_FAMILY = 1;
			};
			name = Release;
		};
/* End XCBuildConfiguration section */

/* Begin XCConfigurationList section */
		530986D42ACC40C20068D4A2 /* Build configuration list for PBXProject "Milho" */ = {
			isa = XCConfigurationList;
			buildConfigurations = (
				530986E52ACC40C30068D4A2 /* Debug */,
				530986E62ACC40C30068D4A2 /* Release */,
			);
			defaultConfigurationIsVisible = 0;
			defaultConfigurationName = Release;
		};
		530986E72ACC40C30068D4A2 /* Build configuration list for PBXNativeTarget "Milho" */ = {
			isa = XCConfigurationList;
			buildConfigurations = (
				530986E82ACC40C30068D4A2 /* Debug */,
				530986E92ACC40C30068D4A2 /* Release */,
			);
			defaultConfigurationIsVisible = 0;
			defaultConfigurationName = Release;
		};
/* End XCConfigurationList section */
	};
	rootObject = 530986D12ACC40C20068D4A2 /* Project object */;
}
