// !$*UTF8*$!
{
	archiveVersion = 1;
	classes = {
	};
	objectVersion = 56;
	objects = {

/* Begin PBXBuildFile section */
		530986DD2ACC40C20068D4A2 /* MilhoApp.swift in Sources */ = {isa = PBXBuildFile; fileRef = 530986DC2ACC40C20068D4A2 /* MilhoApp.swift */; };
		530986E12ACC40C30068D4A2 /* Assets.xcassets in Resources */ = {isa = PBXBuildFile; fileRef = 530986E02ACC40C30068D4A2 /* Assets.xcassets */; };
		532CDCD12B024B6100D09504 /* SkinToneAnalysis.swift in Sources */ = {isa = PBXBuildFile; fileRef = 532CDCD02B024B6100D09504 /* SkinToneAnalysis.swift */; };
		533B12E02AE694ED00485B67 /* ImageSegmentation.swift in Sources */ = {isa = PBXBuildFile; fileRef = 533B12DF2AE694ED00485B67 /* ImageSegmentation.swift */; };
		533B12E32AE6968200485B67 /* UIimage+extension.swift in Sources */ = {isa = PBXBuildFile; fileRef = 533B12E22AE6968200485B67 /* UIimage+extension.swift */; };
		533B12E52AE6987300485B67 /* FaceImageQuality.swift in Sources */ = {isa = PBXBuildFile; fileRef = 533B12E42AE6987300485B67 /* FaceImageQuality.swift */; };
		536BF9B82B03932400A29F05 /* ContrastAnalysis.swift in Sources */ = {isa = PBXBuildFile; fileRef = 536BF9B72B03932400A29F05 /* ContrastAnalysis.swift */; };
		536F63222AFA5A97004E5A84 /* Loading.swift in Sources */ = {isa = PBXBuildFile; fileRef = 536F63212AFA5A97004E5A84 /* Loading.swift */; };
		536F63242AFA5ABD004E5A84 /* LoadingImage.swift in Sources */ = {isa = PBXBuildFile; fileRef = 536F63232AFA5ABD004E5A84 /* LoadingImage.swift */; };
		536F63262AFA5AEA004E5A84 /* LoadingResultsView.swift in Sources */ = {isa = PBXBuildFile; fileRef = 536F63252AFA5AEA004E5A84 /* LoadingResultsView.swift */; };
		536F63282AFA5B0E004E5A84 /* NegativeFeedbackView.swift in Sources */ = {isa = PBXBuildFile; fileRef = 536F63272AFA5B0E004E5A84 /* NegativeFeedbackView.swift */; };
		536F632A2AFA5B46004E5A84 /* PositiveFeedbackView.swift in Sources */ = {isa = PBXBuildFile; fileRef = 536F63292AFA5B46004E5A84 /* PositiveFeedbackView.swift */; };
		536F632C2AFA5B6B004E5A84 /* ResultsView.swift in Sources */ = {isa = PBXBuildFile; fileRef = 536F632B2AFA5B6B004E5A84 /* ResultsView.swift */; };
		5381C9C32AFA83E1006A731C /* Preview Assets.xcassets in Resources */ = {isa = PBXBuildFile; fileRef = 5381C9C22AFA83E1006A731C /* Preview Assets.xcassets */; };
		53A258012AF12844006F5553 /* SwiftCluster in Frameworks */ = {isa = PBXBuildFile; productRef = 53A258002AF12844006F5553 /* SwiftCluster */; };
		53C4CAAC2AFBB3CA009BC33C /* ColorAnalysisV2.swift in Sources */ = {isa = PBXBuildFile; fileRef = 53C4CAAB2AFBB3CA009BC33C /* ColorAnalysisV2.swift */; };
		53C4F8682AEFD48D0097A8E6 /* ColorAnalysis.swift in Sources */ = {isa = PBXBuildFile; fileRef = 53C4F8672AEFD48D0097A8E6 /* ColorAnalysis.swift */; };
		A31111FA2AF27CD1004B25F8 /* OnboardingData.swift in Sources */ = {isa = PBXBuildFile; fileRef = A31111F92AF27CD1004B25F8 /* OnboardingData.swift */; };
		A31111FC2AF2833A004B25F8 /* PersonalColoringOnboardingView.swift in Sources */ = {isa = PBXBuildFile; fileRef = A31111FB2AF2833A004B25F8 /* PersonalColoringOnboardingView.swift */; };
		A31111FE2AF283D8004B25F8 /* PersonalColoringView.swift in Sources */ = {isa = PBXBuildFile; fileRef = A31111FD2AF283D8004B25F8 /* PersonalColoringView.swift */; };
		A31112002AF286C4004B25F8 /* TabBarView.swift in Sources */ = {isa = PBXBuildFile; fileRef = A31111FF2AF286C4004B25F8 /* TabBarView.swift */; };
		A31112022AF2F566004B25F8 /* PersonalColorTestChooserView.swift in Sources */ = {isa = PBXBuildFile; fileRef = A31112012AF2F566004B25F8 /* PersonalColorTestChooserView.swift */; };
		A31112042AF2F642004B25F8 /* PersonalColoringTabItem.swift in Sources */ = {isa = PBXBuildFile; fileRef = A31112032AF2F642004B25F8 /* PersonalColoringTabItem.swift */; };
		BDC19B6E2AEAAFE200FA74F7 /* ImageTypeViewModel.swift in Sources */ = {isa = PBXBuildFile; fileRef = BDC19B6D2AEAAFE200FA74F7 /* ImageTypeViewModel.swift */; };
		BDC19B702AEAB02100FA74F7 /* CameraDataModel.swift in Sources */ = {isa = PBXBuildFile; fileRef = BDC19B6F2AEAB02100FA74F7 /* CameraDataModel.swift */; };
		BDC19B722AEAB05A00FA74F7 /* InitialSelectionButton.swift in Sources */ = {isa = PBXBuildFile; fileRef = BDC19B712AEAB05A00FA74F7 /* InitialSelectionButton.swift */; };
		BDC19B742AEAB07D00FA74F7 /* ImageTypeSelection.swift in Sources */ = {isa = PBXBuildFile; fileRef = BDC19B732AEAB07D00FA74F7 /* ImageTypeSelection.swift */; };
		BDC19B762AEAB0A100FA74F7 /* ImagePicker.swift in Sources */ = {isa = PBXBuildFile; fileRef = BDC19B752AEAB0A100FA74F7 /* ImagePicker.swift */; };
/* End PBXBuildFile section */

/* Begin PBXFileReference section */
		530986D92ACC40C20068D4A2 /* Milho.app */ = {isa = PBXFileReference; explicitFileType = wrapper.application; includeInIndex = 0; path = Milho.app; sourceTree = BUILT_PRODUCTS_DIR; };
		530986DC2ACC40C20068D4A2 /* MilhoApp.swift */ = {isa = PBXFileReference; lastKnownFileType = sourcecode.swift; path = MilhoApp.swift; sourceTree = "<group>"; };
		530986E02ACC40C30068D4A2 /* Assets.xcassets */ = {isa = PBXFileReference; lastKnownFileType = folder.assetcatalog; path = Assets.xcassets; sourceTree = "<group>"; };
		532CDCD02B024B6100D09504 /* SkinToneAnalysis.swift */ = {isa = PBXFileReference; lastKnownFileType = sourcecode.swift; path = SkinToneAnalysis.swift; sourceTree = "<group>"; };
		533B12DF2AE694ED00485B67 /* ImageSegmentation.swift */ = {isa = PBXFileReference; lastKnownFileType = sourcecode.swift; path = ImageSegmentation.swift; sourceTree = "<group>"; };
		533B12E22AE6968200485B67 /* UIimage+extension.swift */ = {isa = PBXFileReference; lastKnownFileType = sourcecode.swift; path = "UIimage+extension.swift"; sourceTree = "<group>"; };
		533B12E42AE6987300485B67 /* FaceImageQuality.swift */ = {isa = PBXFileReference; lastKnownFileType = sourcecode.swift; path = FaceImageQuality.swift; sourceTree = "<group>"; };
		536BF9B72B03932400A29F05 /* ContrastAnalysis.swift */ = {isa = PBXFileReference; lastKnownFileType = sourcecode.swift; path = ContrastAnalysis.swift; sourceTree = "<group>"; };
		536F63212AFA5A97004E5A84 /* Loading.swift */ = {isa = PBXFileReference; lastKnownFileType = sourcecode.swift; path = Loading.swift; sourceTree = "<group>"; };
		536F63232AFA5ABD004E5A84 /* LoadingImage.swift */ = {isa = PBXFileReference; lastKnownFileType = sourcecode.swift; path = LoadingImage.swift; sourceTree = "<group>"; };
		536F63252AFA5AEA004E5A84 /* LoadingResultsView.swift */ = {isa = PBXFileReference; lastKnownFileType = sourcecode.swift; path = LoadingResultsView.swift; sourceTree = "<group>"; };
		536F63272AFA5B0E004E5A84 /* NegativeFeedbackView.swift */ = {isa = PBXFileReference; lastKnownFileType = sourcecode.swift; path = NegativeFeedbackView.swift; sourceTree = "<group>"; };
		536F63292AFA5B46004E5A84 /* PositiveFeedbackView.swift */ = {isa = PBXFileReference; lastKnownFileType = sourcecode.swift; path = PositiveFeedbackView.swift; sourceTree = "<group>"; };
		536F632B2AFA5B6B004E5A84 /* ResultsView.swift */ = {isa = PBXFileReference; lastKnownFileType = sourcecode.swift; path = ResultsView.swift; sourceTree = "<group>"; };
		5381C9C22AFA83E1006A731C /* Preview Assets.xcassets */ = {isa = PBXFileReference; lastKnownFileType = folder.assetcatalog; name = "Preview Assets.xcassets"; path = "Milho/Preview Content/Preview Assets.xcassets"; sourceTree = SOURCE_ROOT; };
		53C4CAAB2AFBB3CA009BC33C /* ColorAnalysisV2.swift */ = {isa = PBXFileReference; lastKnownFileType = sourcecode.swift; path = ColorAnalysisV2.swift; sourceTree = "<group>"; };
		53C4F8672AEFD48D0097A8E6 /* ColorAnalysis.swift */ = {isa = PBXFileReference; lastKnownFileType = sourcecode.swift; path = ColorAnalysis.swift; sourceTree = "<group>"; };
		A31111F92AF27CD1004B25F8 /* OnboardingData.swift */ = {isa = PBXFileReference; lastKnownFileType = sourcecode.swift; path = OnboardingData.swift; sourceTree = "<group>"; };
		A31111FB2AF2833A004B25F8 /* PersonalColoringOnboardingView.swift */ = {isa = PBXFileReference; lastKnownFileType = sourcecode.swift; path = PersonalColoringOnboardingView.swift; sourceTree = "<group>"; };
		A31111FD2AF283D8004B25F8 /* PersonalColoringView.swift */ = {isa = PBXFileReference; lastKnownFileType = sourcecode.swift; path = PersonalColoringView.swift; sourceTree = "<group>"; };
		A31111FF2AF286C4004B25F8 /* TabBarView.swift */ = {isa = PBXFileReference; lastKnownFileType = sourcecode.swift; path = TabBarView.swift; sourceTree = "<group>"; };
		A31112012AF2F566004B25F8 /* PersonalColorTestChooserView.swift */ = {isa = PBXFileReference; lastKnownFileType = sourcecode.swift; path = PersonalColorTestChooserView.swift; sourceTree = "<group>"; };
		A31112032AF2F642004B25F8 /* PersonalColoringTabItem.swift */ = {isa = PBXFileReference; lastKnownFileType = sourcecode.swift; path = PersonalColoringTabItem.swift; sourceTree = "<group>"; };
		A37DDDC72AF9178100ADE49C /* Info.plist */ = {isa = PBXFileReference; lastKnownFileType = text.plist; path = Info.plist; sourceTree = "<group>"; };
		BDC19B6D2AEAAFE200FA74F7 /* ImageTypeViewModel.swift */ = {isa = PBXFileReference; lastKnownFileType = sourcecode.swift; path = ImageTypeViewModel.swift; sourceTree = "<group>"; };
		BDC19B6F2AEAB02100FA74F7 /* CameraDataModel.swift */ = {isa = PBXFileReference; lastKnownFileType = sourcecode.swift; path = CameraDataModel.swift; sourceTree = "<group>"; };
		BDC19B712AEAB05A00FA74F7 /* InitialSelectionButton.swift */ = {isa = PBXFileReference; lastKnownFileType = sourcecode.swift; path = InitialSelectionButton.swift; sourceTree = "<group>"; };
		BDC19B732AEAB07D00FA74F7 /* ImageTypeSelection.swift */ = {isa = PBXFileReference; lastKnownFileType = sourcecode.swift; path = ImageTypeSelection.swift; sourceTree = "<group>"; };
		BDC19B752AEAB0A100FA74F7 /* ImagePicker.swift */ = {isa = PBXFileReference; lastKnownFileType = sourcecode.swift; path = ImagePicker.swift; sourceTree = "<group>"; };
/* End PBXFileReference section */

/* Begin PBXFrameworksBuildPhase section */
		530986D62ACC40C20068D4A2 /* Frameworks */ = {
			isa = PBXFrameworksBuildPhase;
			buildActionMask = 2147483647;
			files = (
				53A258012AF12844006F5553 /* SwiftCluster in Frameworks */,
			);
			runOnlyForDeploymentPostprocessing = 0;
		};
/* End PBXFrameworksBuildPhase section */

/* Begin PBXGroup section */
		530986D02ACC40C20068D4A2 = {
			isa = PBXGroup;
			children = (
				530986DB2ACC40C20068D4A2 /* Milho */,
				530986DA2ACC40C20068D4A2 /* Products */,
			);
			sourceTree = "<group>";
		};
		530986DA2ACC40C20068D4A2 /* Products */ = {
			isa = PBXGroup;
			children = (
				530986D92ACC40C20068D4A2 /* Milho.app */,
			);
			name = Products;
			sourceTree = "<group>";
		};
		530986DB2ACC40C20068D4A2 /* Milho */ = {
			isa = PBXGroup;
			children = (
				A37DDDC72AF9178100ADE49C /* Info.plist */,
				530986DC2ACC40C20068D4A2 /* MilhoApp.swift */,
				5381C9CC2AFBAF64006A731C /* LoadingScreen */,
				5381C9C82AFBAEAD006A731C /* PersonalColoring */,
				5381C9C52AFBAD9A006A731C /* Onboarding */,
				533B12E12AE6965300485B67 /* Extensions */,
				530986E02ACC40C30068D4A2 /* Assets.xcassets */,
				5381C9C42AFA840E006A731C /* Preview Content */,
			);
			path = Milho;
			sourceTree = "<group>";
		};
		533B12E12AE6965300485B67 /* Extensions */ = {
			isa = PBXGroup;
			children = (
				533B12E22AE6968200485B67 /* UIimage+extension.swift */,
			);
			path = Extensions;
			sourceTree = "<group>";
		};
		5381C9C42AFA840E006A731C /* Preview Content */ = {
			isa = PBXGroup;
			children = (
				5381C9C22AFA83E1006A731C /* Preview Assets.xcassets */,
			);
			path = "Preview Content";
			sourceTree = "<group>";
		};
		5381C9C52AFBAD9A006A731C /* Onboarding */ = {
			isa = PBXGroup;
			children = (
				5381C9C62AFBADB9006A731C /* Model */,
				5381C9C72AFBADD1006A731C /* View */,
			);
			path = Onboarding;
			sourceTree = "<group>";
		};
		5381C9C62AFBADB9006A731C /* Model */ = {
			isa = PBXGroup;
			children = (
				A31111F92AF27CD1004B25F8 /* OnboardingData.swift */,
			);
			path = Model;
			sourceTree = "<group>";
		};
		5381C9C72AFBADD1006A731C /* View */ = {
			isa = PBXGroup;
			children = (
				A31111FD2AF283D8004B25F8 /* PersonalColoringView.swift */,
				A31111FB2AF2833A004B25F8 /* PersonalColoringOnboardingView.swift */,
			);
			path = View;
			sourceTree = "<group>";
		};
		5381C9C82AFBAEAD006A731C /* PersonalColoring */ = {
			isa = PBXGroup;
			children = (
				5381C9CB2AFBAF54006A731C /* Model */,
				5381C9CA2AFBAF23006A731C /* View */,
				5381C9C92AFBAF0E006A731C /* ViewModel */,
			);
			path = PersonalColoring;
			sourceTree = "<group>";
		};
		5381C9C92AFBAF0E006A731C /* ViewModel */ = {
			isa = PBXGroup;
			children = (
				533B12E42AE6987300485B67 /* FaceImageQuality.swift */,
				533B12DF2AE694ED00485B67 /* ImageSegmentation.swift */,
				BDC19B6D2AEAAFE200FA74F7 /* ImageTypeViewModel.swift */,
				53C4F8672AEFD48D0097A8E6 /* ColorAnalysis.swift */,
				53C4CAAB2AFBB3CA009BC33C /* ColorAnalysisV2.swift */,
				532CDCD02B024B6100D09504 /* SkinToneAnalysis.swift */,
				536BF9B72B03932400A29F05 /* ContrastAnalysis.swift */,
			);
			path = ViewModel;
			sourceTree = "<group>";
		};
		5381C9CA2AFBAF23006A731C /* View */ = {
			isa = PBXGroup;
			children = (
				BDC19B752AEAB0A100FA74F7 /* ImagePicker.swift */,
				A31111FF2AF286C4004B25F8 /* TabBarView.swift */,
				A31112032AF2F642004B25F8 /* PersonalColoringTabItem.swift */,
				A31112012AF2F566004B25F8 /* PersonalColorTestChooserView.swift */,
				BDC19B732AEAB07D00FA74F7 /* ImageTypeSelection.swift */,
				BDC19B712AEAB05A00FA74F7 /* InitialSelectionButton.swift */,
			);
			path = View;
			sourceTree = "<group>";
		};
		5381C9CB2AFBAF54006A731C /* Model */ = {
			isa = PBXGroup;
			children = (
				BDC19B6F2AEAB02100FA74F7 /* CameraDataModel.swift */,
			);
			path = Model;
			sourceTree = "<group>";
		};
		5381C9CC2AFBAF64006A731C /* LoadingScreen */ = {
			isa = PBXGroup;
			children = (
				5381C9CD2AFBAF74006A731C /* View */,
			);
			path = LoadingScreen;
			sourceTree = "<group>";
		};
		5381C9CD2AFBAF74006A731C /* View */ = {
			isa = PBXGroup;
			children = (
				536F63212AFA5A97004E5A84 /* Loading.swift */,
				536F63232AFA5ABD004E5A84 /* LoadingImage.swift */,
				536F63252AFA5AEA004E5A84 /* LoadingResultsView.swift */,
				536F63272AFA5B0E004E5A84 /* NegativeFeedbackView.swift */,
				536F63292AFA5B46004E5A84 /* PositiveFeedbackView.swift */,
				536F632B2AFA5B6B004E5A84 /* ResultsView.swift */,
			);
			path = View;
			sourceTree = "<group>";
		};
/* End PBXGroup section */

/* Begin PBXNativeTarget section */
		530986D82ACC40C20068D4A2 /* Milho */ = {
			isa = PBXNativeTarget;
			buildConfigurationList = 530986E72ACC40C30068D4A2 /* Build configuration list for PBXNativeTarget "Milho" */;
			buildPhases = (
				530986D52ACC40C20068D4A2 /* Sources */,
				530986D62ACC40C20068D4A2 /* Frameworks */,
				530986D72ACC40C20068D4A2 /* Resources */,
			);
			buildRules = (
			);
			dependencies = (
			);
			name = Milho;
			packageProductDependencies = (
				53A258002AF12844006F5553 /* SwiftCluster */,
			);
			productName = Milho;
			productReference = 530986D92ACC40C20068D4A2 /* Milho.app */;
			productType = "com.apple.product-type.application";
		};
/* End PBXNativeTarget section */

/* Begin PBXProject section */
		530986D12ACC40C20068D4A2 /* Project object */ = {
			isa = PBXProject;
			attributes = {
				BuildIndependentTargetsInParallel = 1;
				LastSwiftUpdateCheck = 1500;
				LastUpgradeCheck = 1500;
				TargetAttributes = {
					530986D82ACC40C20068D4A2 = {
						CreatedOnToolsVersion = 15.0;
					};
				};
			};
			buildConfigurationList = 530986D42ACC40C20068D4A2 /* Build configuration list for PBXProject "Milho" */;
			compatibilityVersion = "Xcode 14.0";
			developmentRegion = en;
			hasScannedForEncodings = 0;
			knownRegions = (
				en,
				Base,
			);
			mainGroup = 530986D02ACC40C20068D4A2;
			packageReferences = (
				53A257FF2AF12844006F5553 /* XCRemoteSwiftPackageReference "SwiftCluster" */,
			);
			productRefGroup = 530986DA2ACC40C20068D4A2 /* Products */;
			projectDirPath = "";
			projectRoot = "";
			targets = (
				530986D82ACC40C20068D4A2 /* Milho */,
			);
		};
/* End PBXProject section */

/* Begin PBXResourcesBuildPhase section */
		530986D72ACC40C20068D4A2 /* Resources */ = {
			isa = PBXResourcesBuildPhase;
			buildActionMask = 2147483647;
			files = (
				5381C9C32AFA83E1006A731C /* Preview Assets.xcassets in Resources */,
				530986E12ACC40C30068D4A2 /* Assets.xcassets in Resources */,
			);
			runOnlyForDeploymentPostprocessing = 0;
		};
/* End PBXResourcesBuildPhase section */

/* Begin PBXSourcesBuildPhase section */
		530986D52ACC40C20068D4A2 /* Sources */ = {
			isa = PBXSourcesBuildPhase;
			buildActionMask = 2147483647;
			files = (
				BDC19B742AEAB07D00FA74F7 /* ImageTypeSelection.swift in Sources */,
				536F63262AFA5AEA004E5A84 /* LoadingResultsView.swift in Sources */,
				536F63222AFA5A97004E5A84 /* Loading.swift in Sources */,
				A31111FA2AF27CD1004B25F8 /* OnboardingData.swift in Sources */,
				536F63282AFA5B0E004E5A84 /* NegativeFeedbackView.swift in Sources */,
				536F632C2AFA5B6B004E5A84 /* ResultsView.swift in Sources */,
				A31112002AF286C4004B25F8 /* TabBarView.swift in Sources */,
				536BF9B82B03932400A29F05 /* ContrastAnalysis.swift in Sources */,
				BDC19B6E2AEAAFE200FA74F7 /* ImageTypeViewModel.swift in Sources */,
				532CDCD12B024B6100D09504 /* SkinToneAnalysis.swift in Sources */,
				533B12E52AE6987300485B67 /* FaceImageQuality.swift in Sources */,
				BDC19B702AEAB02100FA74F7 /* CameraDataModel.swift in Sources */,
				53C4F8682AEFD48D0097A8E6 /* ColorAnalysis.swift in Sources */,
				BDC19B722AEAB05A00FA74F7 /* InitialSelectionButton.swift in Sources */,
				533B12E02AE694ED00485B67 /* ImageSegmentation.swift in Sources */,
				53C4CAAC2AFBB3CA009BC33C /* ColorAnalysisV2.swift in Sources */,
				533B12E32AE6968200485B67 /* UIimage+extension.swift in Sources */,
				BDC19B762AEAB0A100FA74F7 /* ImagePicker.swift in Sources */,
				A31111FE2AF283D8004B25F8 /* PersonalColoringView.swift in Sources */,
				A31111FC2AF2833A004B25F8 /* PersonalColoringOnboardingView.swift in Sources */,
				536F632A2AFA5B46004E5A84 /* PositiveFeedbackView.swift in Sources */,
				A31112022AF2F566004B25F8 /* PersonalColorTestChooserView.swift in Sources */,
				530986DD2ACC40C20068D4A2 /* MilhoApp.swift in Sources */,
				536F63242AFA5ABD004E5A84 /* LoadingImage.swift in Sources */,
				A31112042AF2F642004B25F8 /* PersonalColoringTabItem.swift in Sources */,
			);
			runOnlyForDeploymentPostprocessing = 0;
		};
/* End PBXSourcesBuildPhase section */

/* Begin XCBuildConfiguration section */
		530986E52ACC40C30068D4A2 /* Debug */ = {
			isa = XCBuildConfiguration;
			buildSettings = {
				ALWAYS_SEARCH_USER_PATHS = NO;
				ASSETCATALOG_COMPILER_GENERATE_SWIFT_ASSET_SYMBOL_EXTENSIONS = YES;
				CLANG_ANALYZER_NONNULL = YES;
				CLANG_ANALYZER_NUMBER_OBJECT_CONVERSION = YES_AGGRESSIVE;
				CLANG_CXX_LANGUAGE_STANDARD = "gnu++20";
				CLANG_ENABLE_MODULES = YES;
				CLANG_ENABLE_OBJC_ARC = YES;
				CLANG_ENABLE_OBJC_WEAK = YES;
				CLANG_WARN_BLOCK_CAPTURE_AUTORELEASING = YES;
				CLANG_WARN_BOOL_CONVERSION = YES;
				CLANG_WARN_COMMA = YES;
				CLANG_WARN_CONSTANT_CONVERSION = YES;
				CLANG_WARN_DEPRECATED_OBJC_IMPLEMENTATIONS = YES;
				CLANG_WARN_DIRECT_OBJC_ISA_USAGE = YES_ERROR;
				CLANG_WARN_DOCUMENTATION_COMMENTS = YES;
				CLANG_WARN_EMPTY_BODY = YES;
				CLANG_WARN_ENUM_CONVERSION = YES;
				CLANG_WARN_INFINITE_RECURSION = YES;
				CLANG_WARN_INT_CONVERSION = YES;
				CLANG_WARN_NON_LITERAL_NULL_CONVERSION = YES;
				CLANG_WARN_OBJC_IMPLICIT_RETAIN_SELF = YES;
				CLANG_WARN_OBJC_LITERAL_CONVERSION = YES;
				CLANG_WARN_OBJC_ROOT_CLASS = YES_ERROR;
				CLANG_WARN_QUOTED_INCLUDE_IN_FRAMEWORK_HEADER = YES;
				CLANG_WARN_RANGE_LOOP_ANALYSIS = YES;
				CLANG_WARN_STRICT_PROTOTYPES = YES;
				CLANG_WARN_SUSPICIOUS_MOVE = YES;
				CLANG_WARN_UNGUARDED_AVAILABILITY = YES_AGGRESSIVE;
				CLANG_WARN_UNREACHABLE_CODE = YES;
				CLANG_WARN__DUPLICATE_METHOD_MATCH = YES;
				COPY_PHASE_STRIP = NO;
				DEBUG_INFORMATION_FORMAT = dwarf;
				ENABLE_STRICT_OBJC_MSGSEND = YES;
				ENABLE_TESTABILITY = YES;
				ENABLE_USER_SCRIPT_SANDBOXING = YES;
				GCC_C_LANGUAGE_STANDARD = gnu17;
				GCC_DYNAMIC_NO_PIC = NO;
				GCC_NO_COMMON_BLOCKS = YES;
				GCC_OPTIMIZATION_LEVEL = 0;
				GCC_PREPROCESSOR_DEFINITIONS = (
					"DEBUG=1",
					"$(inherited)",
				);
				GCC_WARN_64_TO_32_BIT_CONVERSION = YES;
				GCC_WARN_ABOUT_RETURN_TYPE = YES_ERROR;
				GCC_WARN_UNDECLARED_SELECTOR = YES;
				GCC_WARN_UNINITIALIZED_AUTOS = YES_AGGRESSIVE;
				GCC_WARN_UNUSED_FUNCTION = YES;
				GCC_WARN_UNUSED_VARIABLE = YES;
				IPHONEOS_DEPLOYMENT_TARGET = 17.0;
				LOCALIZATION_PREFERS_STRING_CATALOGS = YES;
				MTL_ENABLE_DEBUG_INFO = INCLUDE_SOURCE;
				MTL_FAST_MATH = YES;
				ONLY_ACTIVE_ARCH = YES;
				SDKROOT = iphoneos;
				SWIFT_ACTIVE_COMPILATION_CONDITIONS = "DEBUG $(inherited)";
				SWIFT_OPTIMIZATION_LEVEL = "-Onone";
			};
			name = Debug;
		};
		530986E62ACC40C30068D4A2 /* Release */ = {
			isa = XCBuildConfiguration;
			buildSettings = {
				ALWAYS_SEARCH_USER_PATHS = NO;
				ASSETCATALOG_COMPILER_GENERATE_SWIFT_ASSET_SYMBOL_EXTENSIONS = YES;
				CLANG_ANALYZER_NONNULL = YES;
				CLANG_ANALYZER_NUMBER_OBJECT_CONVERSION = YES_AGGRESSIVE;
				CLANG_CXX_LANGUAGE_STANDARD = "gnu++20";
				CLANG_ENABLE_MODULES = YES;
				CLANG_ENABLE_OBJC_ARC = YES;
				CLANG_ENABLE_OBJC_WEAK = YES;
				CLANG_WARN_BLOCK_CAPTURE_AUTORELEASING = YES;
				CLANG_WARN_BOOL_CONVERSION = YES;
				CLANG_WARN_COMMA = YES;
				CLANG_WARN_CONSTANT_CONVERSION = YES;
				CLANG_WARN_DEPRECATED_OBJC_IMPLEMENTATIONS = YES;
				CLANG_WARN_DIRECT_OBJC_ISA_USAGE = YES_ERROR;
				CLANG_WARN_DOCUMENTATION_COMMENTS = YES;
				CLANG_WARN_EMPTY_BODY = YES;
				CLANG_WARN_ENUM_CONVERSION = YES;
				CLANG_WARN_INFINITE_RECURSION = YES;
				CLANG_WARN_INT_CONVERSION = YES;
				CLANG_WARN_NON_LITERAL_NULL_CONVERSION = YES;
				CLANG_WARN_OBJC_IMPLICIT_RETAIN_SELF = YES;
				CLANG_WARN_OBJC_LITERAL_CONVERSION = YES;
				CLANG_WARN_OBJC_ROOT_CLASS = YES_ERROR;
				CLANG_WARN_QUOTED_INCLUDE_IN_FRAMEWORK_HEADER = YES;
				CLANG_WARN_RANGE_LOOP_ANALYSIS = YES;
				CLANG_WARN_STRICT_PROTOTYPES = YES;
				CLANG_WARN_SUSPICIOUS_MOVE = YES;
				CLANG_WARN_UNGUARDED_AVAILABILITY = YES_AGGRESSIVE;
				CLANG_WARN_UNREACHABLE_CODE = YES;
				CLANG_WARN__DUPLICATE_METHOD_MATCH = YES;
				COPY_PHASE_STRIP = NO;
				DEBUG_INFORMATION_FORMAT = "dwarf-with-dsym";
				ENABLE_NS_ASSERTIONS = NO;
				ENABLE_STRICT_OBJC_MSGSEND = YES;
				ENABLE_USER_SCRIPT_SANDBOXING = YES;
				GCC_C_LANGUAGE_STANDARD = gnu17;
				GCC_NO_COMMON_BLOCKS = YES;
				GCC_WARN_64_TO_32_BIT_CONVERSION = YES;
				GCC_WARN_ABOUT_RETURN_TYPE = YES_ERROR;
				GCC_WARN_UNDECLARED_SELECTOR = YES;
				GCC_WARN_UNINITIALIZED_AUTOS = YES_AGGRESSIVE;
				GCC_WARN_UNUSED_FUNCTION = YES;
				GCC_WARN_UNUSED_VARIABLE = YES;
				IPHONEOS_DEPLOYMENT_TARGET = 17.0;
				LOCALIZATION_PREFERS_STRING_CATALOGS = YES;
				MTL_ENABLE_DEBUG_INFO = NO;
				MTL_FAST_MATH = YES;
				SDKROOT = iphoneos;
				SWIFT_COMPILATION_MODE = wholemodule;
				VALIDATE_PRODUCT = YES;
			};
			name = Release;
		};
		530986E82ACC40C30068D4A2 /* Debug */ = {
			isa = XCBuildConfiguration;
			buildSettings = {
				ASSETCATALOG_COMPILER_APPICON_NAME = AppIcon;
				ASSETCATALOG_COMPILER_GLOBAL_ACCENT_COLOR_NAME = AccentColor;
				ASSETCATALOG_COMPILER_INCLUDE_ALL_APPICON_ASSETS = YES;
				CODE_SIGN_STYLE = Automatic;
				CURRENT_PROJECT_VERSION = 1;
				DEVELOPMENT_ASSET_PATHS = "\"Milho/Preview Content\"";
				DEVELOPMENT_TEAM = J3D6H27WWS;
				ENABLE_PREVIEWS = YES;
				GENERATE_INFOPLIST_FILE = YES;
				INFOPLIST_FILE = Milho/Info.plist;
				INFOPLIST_KEY_CFBundleDisplayName = forHue;
				INFOPLIST_KEY_LSApplicationCategoryType = "public.app-category.lifestyle";
				INFOPLIST_KEY_NSCameraUsageDescription = "The application needs to use your camera, in order to take pictures for the profile page";
				INFOPLIST_KEY_UIApplicationSceneManifest_Generation = YES;
				INFOPLIST_KEY_UIApplicationSupportsIndirectInputEvents = YES;
				INFOPLIST_KEY_UILaunchScreen_Generation = YES;
				INFOPLIST_KEY_UIStatusBarStyle = "";
				INFOPLIST_KEY_UISupportedInterfaceOrientations = UIInterfaceOrientationPortrait;
				INFOPLIST_KEY_UISupportedInterfaceOrientations_iPad = "UIInterfaceOrientationLandscapeLeft UIInterfaceOrientationLandscapeRight UIInterfaceOrientationPortrait UIInterfaceOrientationPortraitUpsideDown";
				IPHONEOS_DEPLOYMENT_TARGET = 17.0;
				LD_RUNPATH_SEARCH_PATHS = (
					"$(inherited)",
					"@executable_path/Frameworks",
				);
				MARKETING_VERSION = 0.1.0;
				PRODUCT_BUNDLE_IDENTIFIER = com.rafachinelatto.forHue;
				PRODUCT_NAME = "$(TARGET_NAME)";
				SUPPORTED_PLATFORMS = "iphoneos iphonesimulator";
				SUPPORTS_MACCATALYST = NO;
				SUPPORTS_MAC_DESIGNED_FOR_IPHONE_IPAD = NO;
				SWIFT_EMIT_LOC_STRINGS = YES;
				SWIFT_VERSION = 5.0;
				TARGETED_DEVICE_FAMILY = 1;
			};
			name = Debug;
		};
		530986E92ACC40C30068D4A2 /* Release */ = {
			isa = XCBuildConfiguration;
			buildSettings = {
				ASSETCATALOG_COMPILER_APPICON_NAME = AppIcon;
				ASSETCATALOG_COMPILER_GLOBAL_ACCENT_COLOR_NAME = AccentColor;
				ASSETCATALOG_COMPILER_INCLUDE_ALL_APPICON_ASSETS = YES;
				CODE_SIGN_STYLE = Automatic;
				CURRENT_PROJECT_VERSION = 1;
				DEVELOPMENT_ASSET_PATHS = "\"Milho/Preview Content\"";
				DEVELOPMENT_TEAM = J3D6H27WWS;
				ENABLE_PREVIEWS = YES;
				GENERATE_INFOPLIST_FILE = YES;
				INFOPLIST_FILE = Milho/Info.plist;
				INFOPLIST_KEY_CFBundleDisplayName = forHue;
				INFOPLIST_KEY_LSApplicationCategoryType = "public.app-category.lifestyle";
				INFOPLIST_KEY_NSCameraUsageDescription = "The application needs to use your camera, in order to take pictures for the profile page";
				INFOPLIST_KEY_UIApplicationSceneManifest_Generation = YES;
				INFOPLIST_KEY_UIApplicationSupportsIndirectInputEvents = YES;
				INFOPLIST_KEY_UILaunchScreen_Generation = YES;
				INFOPLIST_KEY_UIStatusBarStyle = "";
				INFOPLIST_KEY_UISupportedInterfaceOrientations = UIInterfaceOrientationPortrait;
				INFOPLIST_KEY_UISupportedInterfaceOrientations_iPad = "UIInterfaceOrientationLandscapeLeft UIInterfaceOrientationLandscapeRight UIInterfaceOrientationPortrait UIInterfaceOrientationPortraitUpsideDown";
				IPHONEOS_DEPLOYMENT_TARGET = 17.0;
				LD_RUNPATH_SEARCH_PATHS = (
					"$(inherited)",
					"@executable_path/Frameworks",
				);
				MARKETING_VERSION = 0.1.0;
				PRODUCT_BUNDLE_IDENTIFIER = com.rafachinelatto.forHue;
				PRODUCT_NAME = "$(TARGET_NAME)";
				SUPPORTED_PLATFORMS = "iphoneos iphonesimulator";
				SUPPORTS_MACCATALYST = NO;
				SUPPORTS_MAC_DESIGNED_FOR_IPHONE_IPAD = NO;
				SWIFT_EMIT_LOC_STRINGS = YES;
				SWIFT_VERSION = 5.0;
				TARGETED_DEVICE_FAMILY = 1;
			};
			name = Release;
		};
/* End XCBuildConfiguration section */

/* Begin XCConfigurationList section */
		530986D42ACC40C20068D4A2 /* Build configuration list for PBXProject "Milho" */ = {
			isa = XCConfigurationList;
			buildConfigurations = (
				530986E52ACC40C30068D4A2 /* Debug */,
				530986E62ACC40C30068D4A2 /* Release */,
			);
			defaultConfigurationIsVisible = 0;
			defaultConfigurationName = Release;
		};
		530986E72ACC40C30068D4A2 /* Build configuration list for PBXNativeTarget "Milho" */ = {
			isa = XCConfigurationList;
			buildConfigurations = (
				530986E82ACC40C30068D4A2 /* Debug */,
				530986E92ACC40C30068D4A2 /* Release */,
			);
			defaultConfigurationIsVisible = 0;
			defaultConfigurationName = Release;
		};
/* End XCConfigurationList section */

/* Begin XCRemoteSwiftPackageReference section */
		53A257FF2AF12844006F5553 /* XCRemoteSwiftPackageReference "SwiftCluster" */ = {
			isa = XCRemoteSwiftPackageReference;
			repositoryURL = "https://github.com/eheitfield/SwiftCluster.git";
			requirement = {
				kind = upToNextMajorVersion;
				minimumVersion = 1.1.1;
			};
		};
/* End XCRemoteSwiftPackageReference section */

/* Begin XCSwiftPackageProductDependency section */
		53A258002AF12844006F5553 /* SwiftCluster */ = {
			isa = XCSwiftPackageProductDependency;
			package = 53A257FF2AF12844006F5553 /* XCRemoteSwiftPackageReference "SwiftCluster" */;
			productName = SwiftCluster;
		};
/* End XCSwiftPackageProductDependency section */
	};
	rootObject = 530986D12ACC40C20068D4A2 /* Project object */;
}
