{
  "pins" : [
    {
      "identity" : "simplematrixkit",
      "kind" : "remoteSourceControl",
      "location" : "https://github.com/eheitfield/SimpleMatrixKit.git",
      "state" : {
        "revision" : "04b37bd04e97d9137647795d75c4716514b5eae6",
        "version" : "1.0.0"
      }
    },
    {
      "identity" : "swiftcluster",
      "kind" : "remoteSourceControl",
      "location" : "https://github.com/eheitfield/SwiftCluster.git",
      "state" : {
        "revision" : "21b9bdfbd75862cc4a54473b1d6f745dd3a2c5d6",
        "version" : "1.1.1"
      }
    }
  ],
  "version" : 2
}
